# THIS IS AN AUTOGENERATED FILE. DO NOT EDIT THIS FILE DIRECTLY.
# yarn lockfile v1


"@types/pluralize@~0":
  version "0.0.29"
  resolved "https://registry.yarnpkg.com/@types/pluralize/-/pluralize-0.0.29.tgz#6ffa33ed1fc8813c469b859681d09707eb40d03c"

GECK-UI@kossnocorp/GECK-UI:
  version "0.1.0"
  resolved "git+ssh://git@github.com/kossnocorp/GECK-UI.git#36a7c79e712d9779bd495e72550bf08b6816b1fe"
  dependencies:
    preact ">=8"

pluralize@~7:
  version "7.0.0"
  resolved "https://registry.yarnpkg.com/pluralize/-/pluralize-7.0.0.tgz#298b89df8b93b0221dbf421ad2b1b1ea23fc6777"

preact@>=8:
  version "8.3.1"
  resolved "https://registry.yarnpkg.com/preact/-/preact-8.3.1.tgz#ed34f79d09edc5efd32a378a3416ef5dc531e3ac"
